
Microsoft Visual Studio Solution File, Format Version 12.00
# Visual Studio Version 17
VisualStudioVersion = 17.4.33213.308
MinimumVisualStudioVersion = 10.0.40219.1
Project("{8BC9CEB8-8B4A-11D0-8D11-00A0C91BC942}") = "TASK 1", "TASK 1\TASK 1.vcxproj", "{E20D4479-FCEC-438E-A716-14D8D719C57C}"
EndProject
Project("{8BC9CEB8-8B4A-11D0-8D11-00A0C91BC942}") = "TASk 2", "TASk 2\TASk 2.vcxproj", "{6424FA4D-E8CF-4BA0-A99B-FFA9DFFE154C}"
EndProject
Project("{8BC9CEB8-8B4A-11D0-8D11-00A0C91BC942}") = "TASk 3", "TASk 3\TASk 3.vcxproj", "{3744D872-8A49-4435-81DA-9FE6AA64C9E8}"
EndProject
Global
	GlobalSection(SolutionConfigurationPlatforms) = preSolution
		Debug|x64 = Debug|x64
		Debug|x86 = Debug|x86
		Release|x64 = Release|x64
		Release|x86 = Release|x86
	EndGlobalSection
	GlobalSection(ProjectConfigurationPlatforms) = postSolution
		{E20D4479-FCEC-438E-A716-14D8D719C57C}.Debug|x64.ActiveCfg = Debug|x64
		{E20D4479-FCEC-438E-A716-14D8D719C57C}.Debug|x64.Build.0 = Debug|x64
		{E20D4479-FCEC-438E-A716-14D8D719C57C}.Debug|x86.ActiveCfg = Debug|Win32
		{E20D4479-FCEC-438E-A716-14D8D719C57C}.Debug|x86.Build.0 = Debug|Win32
		{E20D4479-FCEC-438E-A716-14D8D719C57C}.Release|x64.ActiveCfg = Release|x64
		{E20D4479-FCEC-438E-A716-14D8D719C57C}.Release|x64.Build.0 = Release|x64
		{E20D4479-FCEC-438E-A716-14D8D719C57C}.Release|x86.ActiveCfg = Release|Win32
		{E20D4479-FCEC-438E-A716-14D8D719C57C}.Release|x86.Build.0 = Release|Win32
		{6424FA4D-E8CF-4BA0-A99B-FFA9DFFE154C}.Debug|x64.ActiveCfg = Debug|x64
		{6424FA4D-E8CF-4BA0-A99B-FFA9DFFE154C}.Debug|x64.Build.0 = Debug|x64
		{6424FA4D-E8CF-4BA0-A99B-FFA9DFFE154C}.Debug|x86.ActiveCfg = Debug|Win32
		{6424FA4D-E8CF-4BA0-A99B-FFA9DFFE154C}.Debug|x86.Build.0 = Debug|Win32
		{6424FA4D-E8CF-4BA0-A99B-FFA9DFFE154C}.Release|x64.ActiveCfg = Release|x64
		{6424FA4D-E8CF-4BA0-A99B-FFA9DFFE154C}.Release|x64.Build.0 = Release|x64
		{6424FA4D-E8CF-4BA0-A99B-FFA9DFFE154C}.Release|x86.ActiveCfg = Release|Win32
		{6424FA4D-E8CF-4BA0-A99B-FFA9DFFE154C}.Release|x86.Build.0 = Release|Win32
		{3744D872-8A49-4435-81DA-9FE6AA64C9E8}.Debug|x64.ActiveCfg = Debug|x64
		{3744D872-8A49-4435-81DA-9FE6AA64C9E8}.Debug|x64.Build.0 = Debug|x64
		{3744D872-8A49-4435-81DA-9FE6AA64C9E8}.Debug|x86.ActiveCfg = Debug|Win32
		{3744D872-8A49-4435-81DA-9FE6AA64C9E8}.Debug|x86.Build.0 = Debug|Win32
		{3744D872-8A49-4435-81DA-9FE6AA64C9E8}.Release|x64.ActiveCfg = Release|x64
		{3744D872-8A49-4435-81DA-9FE6AA64C9E8}.Release|x64.Build.0 = Release|x64
		{3744D872-8A49-4435-81DA-9FE6AA64C9E8}.Release|x86.ActiveCfg = Release|Win32
		{3744D872-8A49-4435-81DA-9FE6AA64C9E8}.Release|x86.Build.0 = Release|Win32
	EndGlobalSection
	GlobalSection(SolutionProperties) = preSolution
		HideSolutionNode = FALSE
	EndGlobalSection
	GlobalSection(ExtensibilityGlobals) = postSolution
		SolutionGuid = {D14A6FEE-FE63-4DD6-BAC3-E70A0437AC27}
	EndGlobalSection
EndGlobal
